
Microsoft Visual Studio Solution File, Format Version 12.00
# Visual Studio 14
VisualStudioVersion = 14.0.23107.0
MinimumVisualStudioVersion = 10.0.40219.1
Project("{2150E333-8FDC-42A3-9474-1A3956D46DE8}") = "Solution Items", "Solution Items", "{B7CF04E9-3A35-48E5-B9DD-AC417F3FBD16}"
	ProjectSection(SolutionItems) = preProject
		build.bat = build.bat
		Solution Items\GlobalAssemblyInfo.cs = Solution Items\GlobalAssemblyInfo.cs
		Solution Items\log4net.config = Solution Items\log4net.config
		Solution Items\mongocfg.json = Solution Items\mongocfg.json
		Solution Items\Sql-Mapping.xml = Solution Items\Sql-Mapping.xml
		Solution Items\Web.config = Solution Items\Web.config
	EndProjectSection
EndProject
Project("{FAE04EC0-301F-11D3-BF4B-00C04F79EFBC}") = "LF.Toolkit.Data", "LF.Toolkit.Data\LF.Toolkit.Data.csproj", "{C7089DF5-6ADB-49F2-AE5A-2ED579E9E543}"
EndProject
Project("{FAE04EC0-301F-11D3-BF4B-00C04F79EFBC}") = "LF.Toolkit.Util", "LF.Toolkit.Util\LF.Toolkit.Util.csproj", "{04E95393-F87F-4916-9D35-069BE15F1671}"
EndProject
Project("{FAE04EC0-301F-11D3-BF4B-00C04F79EFBC}") = "LF.Toolkit.Data.NET45", "LF.Toolkit.Data.NET45\LF.Toolkit.Data.NET45.csproj", "{54A2BC60-9852-47EB-B755-D4771722CE24}"
EndProject
Project("{FAE04EC0-301F-11D3-BF4B-00C04F79EFBC}") = "LF.Toolkit.MongoDB.NET45", "LF.Toolkit.MongoDB.NET45\LF.Toolkit.MongoDB.NET45.csproj", "{8B9E6453-9E67-49C8-89F3-6A4211E1E83E}"
EndProject
Project("{FAE04EC0-301F-11D3-BF4B-00C04F79EFBC}") = "LF.Toolkit.UnitTests", "LF.Toolkit.UnitTests\LF.Toolkit.UnitTests.csproj", "{42A4871B-4C90-4B07-BE51-CA5C648F4BAD}"
EndProject
Project("{FAE04EC0-301F-11D3-BF4B-00C04F79EFBC}") = "LF.Toolkit.UnitTests.NET45", "LF.Toolkit.UnitTests.NET45\LF.Toolkit.UnitTests.NET45.csproj", "{E2C882C8-F880-4853-BD98-B880A91214B5}"
EndProject
Global
	GlobalSection(SolutionConfigurationPlatforms) = preSolution
		Debug|Any CPU = Debug|Any CPU
		Release|Any CPU = Release|Any CPU
	EndGlobalSection
	GlobalSection(ProjectConfigurationPlatforms) = postSolution
		{C7089DF5-6ADB-49F2-AE5A-2ED579E9E543}.Debug|Any CPU.ActiveCfg = Debug|Any CPU
		{C7089DF5-6ADB-49F2-AE5A-2ED579E9E543}.Debug|Any CPU.Build.0 = Debug|Any CPU
		{C7089DF5-6ADB-49F2-AE5A-2ED579E9E543}.Release|Any CPU.ActiveCfg = Release|Any CPU
		{C7089DF5-6ADB-49F2-AE5A-2ED579E9E543}.Release|Any CPU.Build.0 = Release|Any CPU
		{04E95393-F87F-4916-9D35-069BE15F1671}.Debug|Any CPU.ActiveCfg = Debug|Any CPU
		{04E95393-F87F-4916-9D35-069BE15F1671}.Debug|Any CPU.Build.0 = Debug|Any CPU
		{04E95393-F87F-4916-9D35-069BE15F1671}.Release|Any CPU.ActiveCfg = Release|Any CPU
		{04E95393-F87F-4916-9D35-069BE15F1671}.Release|Any CPU.Build.0 = Release|Any CPU
		{54A2BC60-9852-47EB-B755-D4771722CE24}.Debug|Any CPU.ActiveCfg = Debug|Any CPU
		{54A2BC60-9852-47EB-B755-D4771722CE24}.Debug|Any CPU.Build.0 = Debug|Any CPU
		{54A2BC60-9852-47EB-B755-D4771722CE24}.Release|Any CPU.ActiveCfg = Release|Any CPU
		{54A2BC60-9852-47EB-B755-D4771722CE24}.Release|Any CPU.Build.0 = Release|Any CPU
		{8B9E6453-9E67-49C8-89F3-6A4211E1E83E}.Debug|Any CPU.ActiveCfg = Debug|Any CPU
		{8B9E6453-9E67-49C8-89F3-6A4211E1E83E}.Debug|Any CPU.Build.0 = Debug|Any CPU
		{8B9E6453-9E67-49C8-89F3-6A4211E1E83E}.Release|Any CPU.ActiveCfg = Release|Any CPU
		{8B9E6453-9E67-49C8-89F3-6A4211E1E83E}.Release|Any CPU.Build.0 = Release|Any CPU
		{42A4871B-4C90-4B07-BE51-CA5C648F4BAD}.Debug|Any CPU.ActiveCfg = Debug|Any CPU
		{42A4871B-4C90-4B07-BE51-CA5C648F4BAD}.Debug|Any CPU.Build.0 = Debug|Any CPU
		{42A4871B-4C90-4B07-BE51-CA5C648F4BAD}.Release|Any CPU.ActiveCfg = Release|Any CPU
		{42A4871B-4C90-4B07-BE51-CA5C648F4BAD}.Release|Any CPU.Build.0 = Release|Any CPU
		{E2C882C8-F880-4853-BD98-B880A91214B5}.Debug|Any CPU.ActiveCfg = Debug|Any CPU
		{E2C882C8-F880-4853-BD98-B880A91214B5}.Debug|Any CPU.Build.0 = Debug|Any CPU
		{E2C882C8-F880-4853-BD98-B880A91214B5}.Release|Any CPU.ActiveCfg = Release|Any CPU
		{E2C882C8-F880-4853-BD98-B880A91214B5}.Release|Any CPU.Build.0 = Release|Any CPU
	EndGlobalSection
	GlobalSection(SolutionProperties) = preSolution
		HideSolutionNode = FALSE
	EndGlobalSection
EndGlobal
